
Microsoft Visual Studio Solution File, Format Version 12.00
# Visual Studio 15
Project("{FAE04EC0-301F-11D3-BF4B-00C04F79EFBC}") = "ges-student", "Assembly-CSharp.csproj", "{759ED756-1E66-1FBB-20FA-F40457EE5BAD}"
EndProject
Global
	GlobalSection(SolutionConfigurationPlatforms) = preSolution
		Debug|Any CPU = Debug|Any CPU
		Release|Any CPU = Release|Any CPU
	EndGlobalSection
	GlobalSection(ProjectConfigurationPlatforms) = postSolution
		{759ED756-1E66-1FBB-20FA-F40457EE5BAD}.Debug|Any CPU.ActiveCfg = Debug|Any CPU
		{759ED756-1E66-1FBB-20FA-F40457EE5BAD}.Debug|Any CPU.Build.0 = Debug|Any CPU
		{759ED756-1E66-1FBB-20FA-F40457EE5BAD}.Release|Any CPU.ActiveCfg = Release|Any CPU
		{759ED756-1E66-1FBB-20FA-F40457EE5BAD}.Release|Any CPU.Build.0 = Release|Any CPU
	EndGlobalSection
	GlobalSection(SolutionProperties) = preSolution
		HideSolutionNode = FALSE
	EndGlobalSection
EndGlobal
